// !$*UTF8*$!
{
	archiveVersion = 1;
	classes = {};
	objectVersion = 56;
	objects = {
/* Begin PBXBuildFile section */
		8C44FA9846764F5AA349E826 /* AppContainer.swift in Sources */ = {isa = PBXBuildFile; fileRef = E69400D5607444F4A0F39437 /* AppContainer.swift */; };
		36E93FBC84744008A7024A87 /* RootTabView.swift in Sources */ = {isa = PBXBuildFile; fileRef = 48793CA749884B62A4CB0BAB /* RootTabView.swift */; };
		0EB2854B529645C490815500 /* SuppsAIApp.swift in Sources */ = {isa = PBXBuildFile; fileRef = 3F5FBAC1DA4E49C3853AA0E5 /* SuppsAIApp.swift */; };
		D898AD3225D54F0C91EC3F5E /* HotirghiniTheme.swift in Sources */ = {isa = PBXBuildFile; fileRef = BCE9730600E640F092B612ED /* HotirghiniTheme.swift */; };
		4B6C441508974AF69643D0D9 /* ScanResult.swift in Sources */ = {isa = PBXBuildFile; fileRef = 53F0BCA80F2B4183AF5E28AF /* ScanResult.swift */; };
		05C94278523043E9A6AEFC74 /* Supplement.swift in Sources */ = {isa = PBXBuildFile; fileRef = 29B4CB4CFCD740409568A2A6 /* Supplement.swift */; };
		8E219C0DDB714FFCBA78C209 /* UserProfile.swift in Sources */ = {isa = PBXBuildFile; fileRef = 3E362F71A9CB418EBC3ADC59 /* UserProfile.swift */; };
		A3C04B4893EF4714997F20F6 /* SupplementRepository.swift in Sources */ = {isa = PBXBuildFile; fileRef = 85BF2A88EB074ACE995C47C2 /* SupplementRepository.swift */; };
		E8161B81A2234DEFBA4A2E4F /* SuppsAIService.swift in Sources */ = {isa = PBXBuildFile; fileRef = 9C22AD3201C040E4A8C848F8 /* SuppsAIService.swift */; };
		02EE8414BDE04EC19A455806 /* DashboardView.swift in Sources */ = {isa = PBXBuildFile; fileRef = 4896A562AD334ED19C6D0088 /* DashboardView.swift */; };
		75BAE9E660B74A4E8125872E /* DashboardViewModel.swift in Sources */ = {isa = PBXBuildFile; fileRef = C021EB526B20457E98CA0DD1 /* DashboardViewModel.swift */; };
		D49DD7421FF145D3AF07FB98 /* OnboardingView.swift in Sources */ = {isa = PBXBuildFile; fileRef = CFEA1D4741B5419FBCDE49A7 /* OnboardingView.swift */; };
		E86FD1F1A6CA4308869248F5 /* OnboardingViewModel.swift in Sources */ = {isa = PBXBuildFile; fileRef = 117C9C8716AA4DBF937ACDCA /* OnboardingViewModel.swift */; };
		054627D91355497998CE3A9E /* ProfileView.swift in Sources */ = {isa = PBXBuildFile; fileRef = EA29E894B06D45B48CE2B526 /* ProfileView.swift */; };
		090F4949D73842A28CAC6A38 /* ProfileViewModel.swift in Sources */ = {isa = PBXBuildFile; fileRef = 534AB0C41B014382B0569A31 /* ProfileViewModel.swift */; };
		86388DB86AE44C9D8CC69612 /* ScanLabelView.swift in Sources */ = {isa = PBXBuildFile; fileRef = DD7FB880D10C4325999C7225 /* ScanLabelView.swift */; };
		5D1B35FB0E874B64AF7ED997 /* ScanLabelViewModel.swift in Sources */ = {isa = PBXBuildFile; fileRef = 2A0FBBC4652742E584DCD43A /* ScanLabelViewModel.swift */; };
		944ECEC140DD4BA5B83083F9 /* StackPlannerView.swift in Sources */ = {isa = PBXBuildFile; fileRef = 7DB3F4BA68AD4A3EAF88F823 /* StackPlannerView.swift */; };
		63B3E74A3B9343FFB664DC19 /* StackPlannerViewModel.swift in Sources */ = {isa = PBXBuildFile; fileRef = 65C50BE8F92E4F928BD67767 /* StackPlannerViewModel.swift */; };
		546D6DCF4F7242C4B3B1A2CE /* SupplementDetailView.swift in Sources */ = {isa = PBXBuildFile; fileRef = 6025B561972D42D7A2E42AD3 /* SupplementDetailView.swift */; };
		5F0C363DE14840148F668EDE /* SupplementDetailViewModel.swift in Sources */ = {isa = PBXBuildFile; fileRef = 63EE8C62FC0A4ECD99482AD1 /* SupplementDetailViewModel.swift */; };
		65FB220A94A94D1E872C84EE /* Assets.xcassets in Resources */ = {isa = PBXBuildFile; fileRef = 8F0E9EE45AFA405585948822 /* Assets.xcassets */; };
		027E308791084CE7A3E3DDA8 /* Preview Assets.xcassets in Resources */ = {isa = PBXBuildFile; fileRef = C38D0C83730A4E5E9ED33D0B /* Preview Assets.xcassets */; };
/* End PBXBuildFile section */
/* Begin PBXFileReference section */
		E69400D5607444F4A0F39437 /* AppContainer.swift */ = {isa = PBXFileReference; lastKnownFileType = sourcecode.swift; path = "SuppsAI/App/AppContainer.swift"; sourceTree = "<group>"; };
		48793CA749884B62A4CB0BAB /* RootTabView.swift */ = {isa = PBXFileReference; lastKnownFileType = sourcecode.swift; path = "SuppsAI/App/RootTabView.swift"; sourceTree = "<group>"; };
		3F5FBAC1DA4E49C3853AA0E5 /* SuppsAIApp.swift */ = {isa = PBXFileReference; lastKnownFileType = sourcecode.swift; path = "SuppsAI/App/SuppsAIApp.swift"; sourceTree = "<group>"; };
		BCE9730600E640F092B612ED /* HotirghiniTheme.swift */ = {isa = PBXFileReference; lastKnownFileType = sourcecode.swift; path = "SuppsAI/Core/DesignSystem/HotirghiniTheme.swift"; sourceTree = "<group>"; };
		53F0BCA80F2B4183AF5E28AF /* ScanResult.swift */ = {isa = PBXFileReference; lastKnownFileType = sourcecode.swift; path = "SuppsAI/Core/Models/ScanResult.swift"; sourceTree = "<group>"; };
		29B4CB4CFCD740409568A2A6 /* Supplement.swift */ = {isa = PBXFileReference; lastKnownFileType = sourcecode.swift; path = "SuppsAI/Core/Models/Supplement.swift"; sourceTree = "<group>"; };
		3E362F71A9CB418EBC3ADC59 /* UserProfile.swift */ = {isa = PBXFileReference; lastKnownFileType = sourcecode.swift; path = "SuppsAI/Core/Models/UserProfile.swift"; sourceTree = "<group>"; };
		85BF2A88EB074ACE995C47C2 /* SupplementRepository.swift */ = {isa = PBXFileReference; lastKnownFileType = sourcecode.swift; path = "SuppsAI/Core/Services/SupplementRepository.swift"; sourceTree = "<group>"; };
		9C22AD3201C040E4A8C848F8 /* SuppsAIService.swift */ = {isa = PBXFileReference; lastKnownFileType = sourcecode.swift; path = "SuppsAI/Core/Services/SuppsAIService.swift"; sourceTree = "<group>"; };
		4896A562AD334ED19C6D0088 /* DashboardView.swift */ = {isa = PBXFileReference; lastKnownFileType = sourcecode.swift; path = "SuppsAI/Features/Dashboard/DashboardView.swift"; sourceTree = "<group>"; };
		C021EB526B20457E98CA0DD1 /* DashboardViewModel.swift */ = {isa = PBXFileReference; lastKnownFileType = sourcecode.swift; path = "SuppsAI/Features/Dashboard/DashboardViewModel.swift"; sourceTree = "<group>"; };
		CFEA1D4741B5419FBCDE49A7 /* OnboardingView.swift */ = {isa = PBXFileReference; lastKnownFileType = sourcecode.swift; path = "SuppsAI/Features/Onboarding/OnboardingView.swift"; sourceTree = "<group>"; };
		117C9C8716AA4DBF937ACDCA /* OnboardingViewModel.swift */ = {isa = PBXFileReference; lastKnownFileType = sourcecode.swift; path = "SuppsAI/Features/Onboarding/OnboardingViewModel.swift"; sourceTree = "<group>"; };
		EA29E894B06D45B48CE2B526 /* ProfileView.swift */ = {isa = PBXFileReference; lastKnownFileType = sourcecode.swift; path = "SuppsAI/Features/Profile/ProfileView.swift"; sourceTree = "<group>"; };
		534AB0C41B014382B0569A31 /* ProfileViewModel.swift */ = {isa = PBXFileReference; lastKnownFileType = sourcecode.swift; path = "SuppsAI/Features/Profile/ProfileViewModel.swift"; sourceTree = "<group>"; };
		DD7FB880D10C4325999C7225 /* ScanLabelView.swift */ = {isa = PBXFileReference; lastKnownFileType = sourcecode.swift; path = "SuppsAI/Features/ScanLabel/ScanLabelView.swift"; sourceTree = "<group>"; };
		2A0FBBC4652742E584DCD43A /* ScanLabelViewModel.swift */ = {isa = PBXFileReference; lastKnownFileType = sourcecode.swift; path = "SuppsAI/Features/ScanLabel/ScanLabelViewModel.swift"; sourceTree = "<group>"; };
		7DB3F4BA68AD4A3EAF88F823 /* StackPlannerView.swift */ = {isa = PBXFileReference; lastKnownFileType = sourcecode.swift; path = "SuppsAI/Features/StackPlanner/StackPlannerView.swift"; sourceTree = "<group>"; };
		65C50BE8F92E4F928BD67767 /* StackPlannerViewModel.swift */ = {isa = PBXFileReference; lastKnownFileType = sourcecode.swift; path = "SuppsAI/Features/StackPlanner/StackPlannerViewModel.swift"; sourceTree = "<group>"; };
		6025B561972D42D7A2E42AD3 /* SupplementDetailView.swift */ = {isa = PBXFileReference; lastKnownFileType = sourcecode.swift; path = "SuppsAI/Features/SupplementDetail/SupplementDetailView.swift"; sourceTree = "<group>"; };
		63EE8C62FC0A4ECD99482AD1 /* SupplementDetailViewModel.swift */ = {isa = PBXFileReference; lastKnownFileType = sourcecode.swift; path = "SuppsAI/Features/SupplementDetail/SupplementDetailViewModel.swift"; sourceTree = "<group>"; };
		8F0E9EE45AFA405585948822 /* Assets.xcassets */ = {isa = PBXFileReference; lastKnownFileType = folder.assetcatalog; path = "SuppsAI/Resources/Assets.xcassets"; sourceTree = "<group>"; };
		C38D0C83730A4E5E9ED33D0B /* Preview Assets.xcassets */ = {isa = PBXFileReference; lastKnownFileType = folder.assetcatalog; path = "SuppsAI/Resources/Preview Content/Preview Assets.xcassets"; sourceTree = "<group>"; };
		994748F696C64C04BE6B6D00 /* SuppsAI.app */ = {isa = PBXFileReference; lastKnownFileType = wrapper.application; path = "SuppsAI.app"; sourceTree = BUILT_PRODUCTS_DIR; };
/* End PBXFileReference section */
/* Begin PBXFrameworksBuildPhase section */
		310D409E036A4C408FD8CF05 /* Frameworks */ = {isa = PBXFrameworksBuildPhase; buildActionMask = 2147483647; files = (); runOnlyForDeploymentPostprocessing = 0; };
/* End PBXFrameworksBuildPhase section */
/* Begin PBXGroup section */
		67B26FB2331441F5884507E0 = {isa = PBXGroup; children = (
				E69400D5607444F4A0F39437 /* AppContainer.swift */,
				48793CA749884B62A4CB0BAB /* RootTabView.swift */,
				3F5FBAC1DA4E49C3853AA0E5 /* SuppsAIApp.swift */,
				BCE9730600E640F092B612ED /* HotirghiniTheme.swift */,
				53F0BCA80F2B4183AF5E28AF /* ScanResult.swift */,
				29B4CB4CFCD740409568A2A6 /* Supplement.swift */,
				3E362F71A9CB418EBC3ADC59 /* UserProfile.swift */,
				85BF2A88EB074ACE995C47C2 /* SupplementRepository.swift */,
				9C22AD3201C040E4A8C848F8 /* SuppsAIService.swift */,
				4896A562AD334ED19C6D0088 /* DashboardView.swift */,
				C021EB526B20457E98CA0DD1 /* DashboardViewModel.swift */,
				CFEA1D4741B5419FBCDE49A7 /* OnboardingView.swift */,
				117C9C8716AA4DBF937ACDCA /* OnboardingViewModel.swift */,
				EA29E894B06D45B48CE2B526 /* ProfileView.swift */,
				534AB0C41B014382B0569A31 /* ProfileViewModel.swift */,
				DD7FB880D10C4325999C7225 /* ScanLabelView.swift */,
				2A0FBBC4652742E584DCD43A /* ScanLabelViewModel.swift */,
				7DB3F4BA68AD4A3EAF88F823 /* StackPlannerView.swift */,
				65C50BE8F92E4F928BD67767 /* StackPlannerViewModel.swift */,
				6025B561972D42D7A2E42AD3 /* SupplementDetailView.swift */,
				63EE8C62FC0A4ECD99482AD1 /* SupplementDetailViewModel.swift */,
				8F0E9EE45AFA405585948822 /* Assets.xcassets */,
				C38D0C83730A4E5E9ED33D0B /* Preview Assets.xcassets */,
				9CC6F566D4234551B0F403DA /* Products */,
			); sourceTree = "<group>"; };
		9CC6F566D4234551B0F403DA /* Products */ = {isa = PBXGroup; children = (994748F696C64C04BE6B6D00 /* SuppsAI.app */,); name = Products; sourceTree = "<group>"; };
/* End PBXGroup section */
/* Begin PBXNativeTarget section */
		4F5AA6E55A1D438EB063A8C9 /* SuppsAI */ = {isa = PBXNativeTarget; buildConfigurationList = 7CAE784D3F084D91835DF473 /* Build configuration list for PBXNativeTarget "SuppsAI" */; buildPhases = (9C0A73F7E8F742A9B9E2A8AD /* Sources */, 310D409E036A4C408FD8CF05 /* Frameworks */, 3213A5ED86204BE6B2B5CAF2 /* Resources */,); buildRules = (); dependencies = (); name = SuppsAI; productName = SuppsAI; productReference = 994748F696C64C04BE6B6D00 /* SuppsAI.app */; productType = "com.apple.product-type.application"; };
/* End PBXNativeTarget section */
/* Begin PBXProject section */
		ED4C4120121F4CF2BD779CAA /* Project object */ = {isa = PBXProject; attributes = {BuildIndependentTargetsInParallel = 1; LastSwiftUpdateCheck = 1540; LastUpgradeCheck = 1540; TargetAttributes = {4F5AA6E55A1D438EB063A8C9 = {CreatedOnToolsVersion = 15.4;};};}; buildConfigurationList = 28F10BD3DC224BFE8AA7DBA0 /* Build configuration list for PBXProject "SuppsAI" */; compatibilityVersion = "Xcode 14.0"; developmentRegion = en; hasScannedForEncodings = 0; knownRegions = (en, Base,); mainGroup = 67B26FB2331441F5884507E0; productRefGroup = 9CC6F566D4234551B0F403DA /* Products */; projectDirPath = ""; projectRoot = ""; targets = (4F5AA6E55A1D438EB063A8C9 /* SuppsAI */,); };
/* End PBXProject section */
/* Begin PBXResourcesBuildPhase section */
		3213A5ED86204BE6B2B5CAF2 /* Resources */ = {isa = PBXResourcesBuildPhase; buildActionMask = 2147483647; files = (
				65FB220A94A94D1E872C84EE /* Assets.xcassets in Resources */,
				027E308791084CE7A3E3DDA8 /* Preview Assets.xcassets in Resources */,
			); runOnlyForDeploymentPostprocessing = 0; };
/* End PBXResourcesBuildPhase section */
/* Begin PBXSourcesBuildPhase section */
		9C0A73F7E8F742A9B9E2A8AD /* Sources */ = {isa = PBXSourcesBuildPhase; buildActionMask = 2147483647; files = (
				8C44FA9846764F5AA349E826 /* AppContainer.swift in Sources */,
				36E93FBC84744008A7024A87 /* RootTabView.swift in Sources */,
				0EB2854B529645C490815500 /* SuppsAIApp.swift in Sources */,
				D898AD3225D54F0C91EC3F5E /* HotirghiniTheme.swift in Sources */,
				4B6C441508974AF69643D0D9 /* ScanResult.swift in Sources */,
				05C94278523043E9A6AEFC74 /* Supplement.swift in Sources */,
				8E219C0DDB714FFCBA78C209 /* UserProfile.swift in Sources */,
				A3C04B4893EF4714997F20F6 /* SupplementRepository.swift in Sources */,
				E8161B81A2234DEFBA4A2E4F /* SuppsAIService.swift in Sources */,
				02EE8414BDE04EC19A455806 /* DashboardView.swift in Sources */,
				75BAE9E660B74A4E8125872E /* DashboardViewModel.swift in Sources */,
				D49DD7421FF145D3AF07FB98 /* OnboardingView.swift in Sources */,
				E86FD1F1A6CA4308869248F5 /* OnboardingViewModel.swift in Sources */,
				054627D91355497998CE3A9E /* ProfileView.swift in Sources */,
				090F4949D73842A28CAC6A38 /* ProfileViewModel.swift in Sources */,
				86388DB86AE44C9D8CC69612 /* ScanLabelView.swift in Sources */,
				5D1B35FB0E874B64AF7ED997 /* ScanLabelViewModel.swift in Sources */,
				944ECEC140DD4BA5B83083F9 /* StackPlannerView.swift in Sources */,
				63B3E74A3B9343FFB664DC19 /* StackPlannerViewModel.swift in Sources */,
				546D6DCF4F7242C4B3B1A2CE /* SupplementDetailView.swift in Sources */,
				5F0C363DE14840148F668EDE /* SupplementDetailViewModel.swift in Sources */,
			); runOnlyForDeploymentPostprocessing = 0; };
/* End PBXSourcesBuildPhase section */
/* Begin XCBuildConfiguration section */
		B5A083A4C67C4AD49896041E /* Debug */ = {isa = XCBuildConfiguration; buildSettings = {ALWAYS_SEARCH_USER_PATHS = NO; CLANG_ANALYZER_NONNULL = YES; CLANG_ANALYZER_NUMBER_OBJECT_CONVERSION = YES_AGGRESSIVE; CLANG_CXX_LANGUAGE_STANDARD = "gnu++20"; CLANG_ENABLE_MODULES = YES; CLANG_ENABLE_OBJC_ARC = YES; CLANG_ENABLE_OBJC_WEAK = YES; CLANG_WARN_BLOCK_CAPTURE_AUTORELEASING = YES; CLANG_WARN_BOOL_CONVERSION = YES; CLANG_WARN_COMMA = YES; CLANG_WARN_CONSTANT_CONVERSION = YES; CLANG_WARN_DEPRECATED_OBJC_IMPLEMENTATIONS = YES; CLANG_WARN_DIRECT_OBJC_ISA_USAGE = YES_ERROR; CLANG_WARN_DOCUMENTATION_COMMENTS = YES; CLANG_WARN_EMPTY_BODY = YES; CLANG_WARN_ENUM_CONVERSION = YES; CLANG_WARN_INFINITE_RECURSION = YES; CLANG_WARN_INT_CONVERSION = YES; CLANG_WARN_NON_LITERAL_NULL_CONVERSION = YES; CLANG_WARN_OBJC_IMPLICIT_RETAIN_SELF = YES; CLANG_WARN_OBJC_LITERAL_CONVERSION = YES; CLANG_WARN_OBJC_ROOT_CLASS = YES_ERROR; CLANG_WARN_QUOTED_INCLUDE_IN_FRAMEWORK_HEADER = YES; CLANG_WARN_RANGE_LOOP_ANALYSIS = YES; CLANG_WARN_STRICT_PROTOTYPES = YES; CLANG_WARN_SUSPICIOUS_MOVE = YES; CLANG_WARN_UNGUARDED_AVAILABILITY = YES_AGGRESSIVE; CLANG_WARN_UNREACHABLE_CODE = YES; CLANG_WARN__DUPLICATE_METHOD_MATCH = YES; COPY_PHASE_STRIP = NO; DEBUG_INFORMATION_FORMAT = dwarf; ENABLE_STRICT_OBJC_MSGSEND = YES; ENABLE_TESTABILITY = YES; ENABLE_USER_SCRIPT_SANDBOXING = YES; GCC_C_LANGUAGE_STANDARD = gnu17; GCC_DYNAMIC_NO_PIC = NO; GCC_NO_COMMON_BLOCKS = YES; GCC_OPTIMIZATION_LEVEL = 0; GCC_PREPROCESSOR_DEFINITIONS = ("DEBUG=1", "$(inherited)",); GCC_WARN_64_TO_32_BIT_CONVERSION = YES; GCC_WARN_ABOUT_RETURN_TYPE = YES_ERROR; GCC_WARN_UNDECLARED_SELECTOR = YES; GCC_WARN_UNINITIALIZED_AUTOS = YES_AGGRESSIVE; GCC_WARN_UNUSED_FUNCTION = YES; GCC_WARN_UNUSED_VARIABLE = YES; IPHONEOS_DEPLOYMENT_TARGET = 17.0; MTL_ENABLE_DEBUG_INFO = INCLUDE_SOURCE; MTL_FAST_MATH = YES; ONLY_ACTIVE_ARCH = YES; SDKROOT = iphoneos; SWIFT_ACTIVE_COMPILATION_CONDITIONS = DEBUG; SWIFT_OPTIMIZATION_LEVEL = "-Onone"; }; name = Debug; };
		6DEE3E94F6AD46C18576775A /* Release */ = {isa = XCBuildConfiguration; buildSettings = {ALWAYS_SEARCH_USER_PATHS = NO; CLANG_ANALYZER_NONNULL = YES; CLANG_ANALYZER_NUMBER_OBJECT_CONVERSION = YES_AGGRESSIVE; CLANG_CXX_LANGUAGE_STANDARD = "gnu++20"; CLANG_ENABLE_MODULES = YES; CLANG_ENABLE_OBJC_ARC = YES; CLANG_ENABLE_OBJC_WEAK = YES; COPY_PHASE_STRIP = NO; DEBUG_INFORMATION_FORMAT = "dwarf-with-dsym"; ENABLE_NS_ASSERTIONS = NO; ENABLE_STRICT_OBJC_MSGSEND = YES; ENABLE_USER_SCRIPT_SANDBOXING = YES; GCC_C_LANGUAGE_STANDARD = gnu17; GCC_NO_COMMON_BLOCKS = YES; GCC_WARN_64_TO_32_BIT_CONVERSION = YES; GCC_WARN_ABOUT_RETURN_TYPE = YES_ERROR; GCC_WARN_UNDECLARED_SELECTOR = YES; GCC_WARN_UNINITIALIZED_AUTOS = YES_AGGRESSIVE; GCC_WARN_UNUSED_FUNCTION = YES; GCC_WARN_UNUSED_VARIABLE = YES; IPHONEOS_DEPLOYMENT_TARGET = 17.0; MTL_ENABLE_DEBUG_INFO = NO; MTL_FAST_MATH = YES; SDKROOT = iphoneos; SWIFT_COMPILATION_MODE = wholemodule; VALIDATE_PRODUCT = YES; }; name = Release; };
		AF3FF12A3FC14189931C390F /* Debug */ = {isa = XCBuildConfiguration; buildSettings = {ASSETCATALOG_COMPILER_APPICON_NAME = AppIcon; ASSETCATALOG_COMPILER_GLOBAL_ACCENT_COLOR_NAME = AccentColor; CODE_SIGN_STYLE = Automatic; CURRENT_PROJECT_VERSION = 1; DEVELOPMENT_TEAM = ""; GENERATE_INFOPLIST_FILE = NO; INFOPLIST_FILE = SuppsAI/Info.plist; MARKETING_VERSION = 1.0; PRODUCT_BUNDLE_IDENTIFIER = com.hotirghini.SuppsAI; PRODUCT_NAME = "$(TARGET_NAME)"; SUPPORTED_PLATFORMS = "iphoneos iphonesimulator"; SUPPORTS_MACCATALYST = NO; SUPPORTS_MAC_DESIGNED_FOR_IPHONE_IPAD = NO; SWIFT_EMIT_LOC_STRINGS = YES; SWIFT_VERSION = 5.0; TARGETED_DEVICE_FAMILY = 1; }; name = Debug; };
		564A9105C6CA46989F618609 /* Release */ = {isa = XCBuildConfiguration; buildSettings = {ASSETCATALOG_COMPILER_APPICON_NAME = AppIcon; ASSETCATALOG_COMPILER_GLOBAL_ACCENT_COLOR_NAME = AccentColor; CODE_SIGN_STYLE = Automatic; CURRENT_PROJECT_VERSION = 1; DEVELOPMENT_TEAM = ""; GENERATE_INFOPLIST_FILE = NO; INFOPLIST_FILE = SuppsAI/Info.plist; MARKETING_VERSION = 1.0; PRODUCT_BUNDLE_IDENTIFIER = com.hotirghini.SuppsAI; PRODUCT_NAME = "$(TARGET_NAME)"; SUPPORTED_PLATFORMS = "iphoneos iphonesimulator"; SUPPORTS_MACCATALYST = NO; SUPPORTS_MAC_DESIGNED_FOR_IPHONE_IPAD = NO; SWIFT_EMIT_LOC_STRINGS = YES; SWIFT_VERSION = 5.0; TARGETED_DEVICE_FAMILY = 1; }; name = Release; };
/* End XCBuildConfiguration section */
/* Begin XCConfigurationList section */
		28F10BD3DC224BFE8AA7DBA0 /* Build configuration list for PBXProject "SuppsAI" */ = {isa = XCConfigurationList; buildConfigurations = (B5A083A4C67C4AD49896041E /* Debug */, 6DEE3E94F6AD46C18576775A /* Release */,); defaultConfigurationIsVisible = 0; defaultConfigurationName = Release; };
		7CAE784D3F084D91835DF473 /* Build configuration list for PBXNativeTarget "SuppsAI" */ = {isa = XCConfigurationList; buildConfigurations = (AF3FF12A3FC14189931C390F /* Debug */, 564A9105C6CA46989F618609 /* Release */,); defaultConfigurationIsVisible = 0; defaultConfigurationName = Release; };
/* End XCConfigurationList section */
	};
	rootObject = ED4C4120121F4CF2BD779CAA /* Project object */;
}
